
Microsoft Visual Studio Solution File, Format Version 12.00
# Visual Studio 15
VisualStudioVersion = 15.0.28010.2050
MinimumVisualStudioVersion = 10.0.40219.1
Project("{FAE04EC0-301F-11D3-BF4B-00C04F79EFBC}") = "WPF_Training_App", "WPF_Training_App\WPF_Training_App.csproj", "{15099AC1-90A0-4562-83A1-3C9DB92160CE}"
EndProject
Global
	GlobalSection(SolutionConfigurationPlatforms) = preSolution
		Debug|Any CPU = Debug|Any CPU
		Release|Any CPU = Release|Any CPU
	EndGlobalSection
	GlobalSection(ProjectConfigurationPlatforms) = postSolution
		{15099AC1-90A0-4562-83A1-3C9DB92160CE}.Debug|Any CPU.ActiveCfg = Debug|Any CPU
		{15099AC1-90A0-4562-83A1-3C9DB92160CE}.Debug|Any CPU.Build.0 = Debug|Any CPU
		{15099AC1-90A0-4562-83A1-3C9DB92160CE}.Release|Any CPU.ActiveCfg = Release|Any CPU
		{15099AC1-90A0-4562-83A1-3C9DB92160CE}.Release|Any CPU.Build.0 = Release|Any CPU
	EndGlobalSection
	GlobalSection(SolutionProperties) = preSolution
		HideSolutionNode = FALSE
	EndGlobalSection
	GlobalSection(ExtensibilityGlobals) = postSolution
		SolutionGuid = {6BAC7816-BA3B-4030-89E4-DD44DABA4C90}
	EndGlobalSection
EndGlobal
